// !$*UTF8*$!
{
	archiveVersion = 1;
	classes = {
	};
	objectVersion = 51;
	objects = {

/* Begin PBXBuildFile section */
		12115077249A8E3B00B9EFB0 /* OAuth2SwiftExtension.swift in Sources */ = {isa = PBXBuildFile; fileRef = 12115076249A8E3B00B9EFB0 /* OAuth2SwiftExtension.swift */; };
		12115079249B8EFA00B9EFB0 /* GistListTVController.swift in Sources */ = {isa = PBXBuildFile; fileRef = 12115078249B8EFA00B9EFB0 /* GistListTVController.swift */; };
		1211507E249BB6A800B9EFB0 /* GistListCell.swift in Sources */ = {isa = PBXBuildFile; fileRef = 1211507A249BB6A700B9EFB0 /* GistListCell.swift */; };
		1211507F249BB6A800B9EFB0 /* NetworkService.swift in Sources */ = {isa = PBXBuildFile; fileRef = 1211507B249BB6A700B9EFB0 /* NetworkService.swift */; };
		12115080249BB6A800B9EFB0 /* ErrorAlertService.swift in Sources */ = {isa = PBXBuildFile; fileRef = 1211507C249BB6A700B9EFB0 /* ErrorAlertService.swift */; };
		12115081249BB6A800B9EFB0 /* NetworkServiceError.swift in Sources */ = {isa = PBXBuildFile; fileRef = 1211507D249BB6A700B9EFB0 /* NetworkServiceError.swift */; };
		12115087249BB99F00B9EFB0 /* Gist.swift in Sources */ = {isa = PBXBuildFile; fileRef = 12115086249BB99F00B9EFB0 /* Gist.swift */; };
		12115090249E38E500B9EFB0 /* GistList.storyboard in Resources */ = {isa = PBXBuildFile; fileRef = 1211508F249E38E500B9EFB0 /* GistList.storyboard */; };
		1211509424A0D95B00B9EFB0 /* CustomCell.xib in Resources */ = {isa = PBXBuildFile; fileRef = 1211509324A0D95B00B9EFB0 /* CustomCell.xib */; };
		1211509624A1025E00B9EFB0 /* OAuth.storyboard in Resources */ = {isa = PBXBuildFile; fileRef = 1211508E249E1ABD00B9EFB0 /* OAuth.storyboard */; };
		1219790824A1F8F0009A2365 /* ImageDownloader.swift in Sources */ = {isa = PBXBuildFile; fileRef = 1219790624A1F686009A2365 /* ImageDownloader.swift */; };
		1219791124A227DC009A2365 /* Gist.storyboard in Resources */ = {isa = PBXBuildFile; fileRef = 1219791024A227DC009A2365 /* Gist.storyboard */; };
		1219791324A22843009A2365 /* GistViewController.swift in Sources */ = {isa = PBXBuildFile; fileRef = 1219791224A22843009A2365 /* GistViewController.swift */; };
		128D1D4D2497E4F40066E58F /* AppDelegate.swift in Sources */ = {isa = PBXBuildFile; fileRef = 128D1D4C2497E4F40066E58F /* AppDelegate.swift */; };
		128D1D4F2497E4F40066E58F /* SceneDelegate.swift in Sources */ = {isa = PBXBuildFile; fileRef = 128D1D4E2497E4F40066E58F /* SceneDelegate.swift */; };
		128D1D512497E4F40066E58F /* OAuthViewController.swift in Sources */ = {isa = PBXBuildFile; fileRef = 128D1D502497E4F40066E58F /* OAuthViewController.swift */; };
		128D1D562497E4F60066E58F /* Assets.xcassets in Resources */ = {isa = PBXBuildFile; fileRef = 128D1D552497E4F60066E58F /* Assets.xcassets */; };
		128D1D592497E4F60066E58F /* LaunchScreen.storyboard in Resources */ = {isa = PBXBuildFile; fileRef = 128D1D572497E4F60066E58F /* LaunchScreen.storyboard */; };
		128D1D61249953E10066E58F /* AppConstants.swift in Sources */ = {isa = PBXBuildFile; fileRef = 128D1D60249953E10066E58F /* AppConstants.swift */; };
		128D1D632499611B0066E58F /* OAuthService.swift in Sources */ = {isa = PBXBuildFile; fileRef = 128D1D622499611B0066E58F /* OAuthService.swift */; };
		128D1D65249967E50066E58F /* StoredData.swift in Sources */ = {isa = PBXBuildFile; fileRef = 128D1D64249967E50066E58F /* StoredData.swift */; };
		7409047624B30704008AAA9B /* GistService.swift in Sources */ = {isa = PBXBuildFile; fileRef = 7409047524B30704008AAA9B /* GistService.swift */; };
		7441797724C07034002D39A0 /* IBExtension.swift in Sources */ = {isa = PBXBuildFile; fileRef = 7441797624C07034002D39A0 /* IBExtension.swift */; };
		7441797924C1E901002D39A0 /* GistUpdateService.swift in Sources */ = {isa = PBXBuildFile; fileRef = 7441797824C1E901002D39A0 /* GistUpdateService.swift */; };
		7454288F24BC6BB10062A0D2 /* GistFileService.swift in Sources */ = {isa = PBXBuildFile; fileRef = 7454288E24BC6BB10062A0D2 /* GistFileService.swift */; };
		7454289124BC78AA0062A0D2 /* DataType.swift in Sources */ = {isa = PBXBuildFile; fileRef = 7454289024BC78AA0062A0D2 /* DataType.swift */; };
		7454289324BC9CA00062A0D2 /* NewGist.swift in Sources */ = {isa = PBXBuildFile; fileRef = 7454289224BC9CA00062A0D2 /* NewGist.swift */; };
		7454289524BCEF9E0062A0D2 /* DecodeService.swift in Sources */ = {isa = PBXBuildFile; fileRef = 7454289424BCEF9E0062A0D2 /* DecodeService.swift */; };
		7454289724BCF2AA0062A0D2 /* EncodeService.swift in Sources */ = {isa = PBXBuildFile; fileRef = 7454289624BCF2AA0062A0D2 /* EncodeService.swift */; };
		7454289B24BD75B50062A0D2 /* FileView.swift in Sources */ = {isa = PBXBuildFile; fileRef = 7454289A24BD75B50062A0D2 /* FileView.swift */; };
		7454289D24BD75D00062A0D2 /* FileView.xib in Resources */ = {isa = PBXBuildFile; fileRef = 7454289C24BD75D00062A0D2 /* FileView.xib */; };
		745428A024BDD5010062A0D2 /* GistViewControllerV2.swift in Sources */ = {isa = PBXBuildFile; fileRef = 7454289E24BDD5010062A0D2 /* GistViewControllerV2.swift */; };
		745428A324BDD5220062A0D2 /* GistV2.storyboard in Resources */ = {isa = PBXBuildFile; fileRef = 745428A224BDD5220062A0D2 /* GistV2.storyboard */; };
		78EEBDCD1609E0A493B7965B /* Pods_GistApp.framework in Frameworks */ = {isa = PBXBuildFile; fileRef = BFF7104C909CD01B055D7529 /* Pods_GistApp.framework */; };
/* End PBXBuildFile section */

/* Begin PBXFileReference section */
		12115076249A8E3B00B9EFB0 /* OAuth2SwiftExtension.swift */ = {isa = PBXFileReference; lastKnownFileType = sourcecode.swift; path = OAuth2SwiftExtension.swift; sourceTree = "<group>"; };
		12115078249B8EFA00B9EFB0 /* GistListTVController.swift */ = {isa = PBXFileReference; lastKnownFileType = sourcecode.swift; path = GistListTVController.swift; sourceTree = "<group>"; };
		1211507A249BB6A700B9EFB0 /* GistListCell.swift */ = {isa = PBXFileReference; fileEncoding = 4; lastKnownFileType = sourcecode.swift; path = GistListCell.swift; sourceTree = "<group>"; };
		1211507B249BB6A700B9EFB0 /* NetworkService.swift */ = {isa = PBXFileReference; fileEncoding = 4; lastKnownFileType = sourcecode.swift; path = NetworkService.swift; sourceTree = "<group>"; };
		1211507C249BB6A700B9EFB0 /* ErrorAlertService.swift */ = {isa = PBXFileReference; fileEncoding = 4; lastKnownFileType = sourcecode.swift; path = ErrorAlertService.swift; sourceTree = "<group>"; };
		1211507D249BB6A700B9EFB0 /* NetworkServiceError.swift */ = {isa = PBXFileReference; fileEncoding = 4; lastKnownFileType = sourcecode.swift; path = NetworkServiceError.swift; sourceTree = "<group>"; };
		12115086249BB99F00B9EFB0 /* Gist.swift */ = {isa = PBXFileReference; fileEncoding = 4; lastKnownFileType = sourcecode.swift; path = Gist.swift; sourceTree = "<group>"; };
		1211508E249E1ABD00B9EFB0 /* OAuth.storyboard */ = {isa = PBXFileReference; lastKnownFileType = file.storyboard; path = OAuth.storyboard; sourceTree = "<group>"; };
		1211508F249E38E500B9EFB0 /* GistList.storyboard */ = {isa = PBXFileReference; lastKnownFileType = file.storyboard; path = GistList.storyboard; sourceTree = "<group>"; };
		1211509324A0D95B00B9EFB0 /* CustomCell.xib */ = {isa = PBXFileReference; lastKnownFileType = file.xib; path = CustomCell.xib; sourceTree = "<group>"; };
		1219790624A1F686009A2365 /* ImageDownloader.swift */ = {isa = PBXFileReference; fileEncoding = 4; lastKnownFileType = sourcecode.swift; path = ImageDownloader.swift; sourceTree = "<group>"; };
		1219791024A227DC009A2365 /* Gist.storyboard */ = {isa = PBXFileReference; lastKnownFileType = file.storyboard; path = Gist.storyboard; sourceTree = "<group>"; };
		1219791224A22843009A2365 /* GistViewController.swift */ = {isa = PBXFileReference; lastKnownFileType = sourcecode.swift; path = GistViewController.swift; sourceTree = "<group>"; };
		128D1D492497E4F40066E58F /* GistApp.app */ = {isa = PBXFileReference; explicitFileType = wrapper.application; includeInIndex = 0; path = GistApp.app; sourceTree = BUILT_PRODUCTS_DIR; };
		128D1D4C2497E4F40066E58F /* AppDelegate.swift */ = {isa = PBXFileReference; lastKnownFileType = sourcecode.swift; path = AppDelegate.swift; sourceTree = "<group>"; };
		128D1D4E2497E4F40066E58F /* SceneDelegate.swift */ = {isa = PBXFileReference; lastKnownFileType = sourcecode.swift; path = SceneDelegate.swift; sourceTree = "<group>"; };
		128D1D502497E4F40066E58F /* OAuthViewController.swift */ = {isa = PBXFileReference; lastKnownFileType = sourcecode.swift; path = OAuthViewController.swift; sourceTree = "<group>"; };
		128D1D552497E4F60066E58F /* Assets.xcassets */ = {isa = PBXFileReference; lastKnownFileType = folder.assetcatalog; path = Assets.xcassets; sourceTree = "<group>"; };
		128D1D582497E4F60066E58F /* Base */ = {isa = PBXFileReference; lastKnownFileType = file.storyboard; name = Base; path = Base.lproj/LaunchScreen.storyboard; sourceTree = "<group>"; };
		128D1D5A2497E4F60066E58F /* Info.plist */ = {isa = PBXFileReference; lastKnownFileType = text.plist.xml; path = Info.plist; sourceTree = "<group>"; };
		128D1D60249953E10066E58F /* AppConstants.swift */ = {isa = PBXFileReference; lastKnownFileType = sourcecode.swift; path = AppConstants.swift; sourceTree = "<group>"; };
		128D1D622499611B0066E58F /* OAuthService.swift */ = {isa = PBXFileReference; lastKnownFileType = sourcecode.swift; path = OAuthService.swift; sourceTree = "<group>"; };
		128D1D64249967E50066E58F /* StoredData.swift */ = {isa = PBXFileReference; lastKnownFileType = sourcecode.swift; path = StoredData.swift; sourceTree = "<group>"; };
		5D3A01C1D3A2C3E00F0D7D6A /* Pods-GistApp.debug.xcconfig */ = {isa = PBXFileReference; includeInIndex = 1; lastKnownFileType = text.xcconfig; name = "Pods-GistApp.debug.xcconfig"; path = "Target Support Files/Pods-GistApp/Pods-GistApp.debug.xcconfig"; sourceTree = "<group>"; };
		7409047524B30704008AAA9B /* GistService.swift */ = {isa = PBXFileReference; lastKnownFileType = sourcecode.swift; path = GistService.swift; sourceTree = "<group>"; };
		7441797624C07034002D39A0 /* IBExtension.swift */ = {isa = PBXFileReference; lastKnownFileType = sourcecode.swift; path = IBExtension.swift; sourceTree = "<group>"; };
		7441797824C1E901002D39A0 /* GistUpdateService.swift */ = {isa = PBXFileReference; lastKnownFileType = sourcecode.swift; path = GistUpdateService.swift; sourceTree = "<group>"; };
		7454288E24BC6BB10062A0D2 /* GistFileService.swift */ = {isa = PBXFileReference; lastKnownFileType = sourcecode.swift; path = GistFileService.swift; sourceTree = "<group>"; };
		7454289024BC78AA0062A0D2 /* DataType.swift */ = {isa = PBXFileReference; lastKnownFileType = sourcecode.swift; path = DataType.swift; sourceTree = "<group>"; };
		7454289224BC9CA00062A0D2 /* NewGist.swift */ = {isa = PBXFileReference; lastKnownFileType = sourcecode.swift; path = NewGist.swift; sourceTree = "<group>"; };
		7454289424BCEF9E0062A0D2 /* DecodeService.swift */ = {isa = PBXFileReference; lastKnownFileType = sourcecode.swift; path = DecodeService.swift; sourceTree = "<group>"; };
		7454289624BCF2AA0062A0D2 /* EncodeService.swift */ = {isa = PBXFileReference; lastKnownFileType = sourcecode.swift; path = EncodeService.swift; sourceTree = "<group>"; };
		7454289A24BD75B50062A0D2 /* FileView.swift */ = {isa = PBXFileReference; lastKnownFileType = sourcecode.swift; path = FileView.swift; sourceTree = "<group>"; };
		7454289C24BD75D00062A0D2 /* FileView.xib */ = {isa = PBXFileReference; lastKnownFileType = file.xib; path = FileView.xib; sourceTree = "<group>"; };
		7454289E24BDD5010062A0D2 /* GistViewControllerV2.swift */ = {isa = PBXFileReference; lastKnownFileType = sourcecode.swift; path = GistViewControllerV2.swift; sourceTree = "<group>"; };
		745428A224BDD5220062A0D2 /* GistV2.storyboard */ = {isa = PBXFileReference; lastKnownFileType = file.storyboard; path = GistV2.storyboard; sourceTree = "<group>"; };
		93B6A5BE2291BFD28B6C4324 /* Pods-GistApp.release.xcconfig */ = {isa = PBXFileReference; includeInIndex = 1; lastKnownFileType = text.xcconfig; name = "Pods-GistApp.release.xcconfig"; path = "Target Support Files/Pods-GistApp/Pods-GistApp.release.xcconfig"; sourceTree = "<group>"; };
		BFF7104C909CD01B055D7529 /* Pods_GistApp.framework */ = {isa = PBXFileReference; explicitFileType = wrapper.framework; includeInIndex = 0; path = Pods_GistApp.framework; sourceTree = BUILT_PRODUCTS_DIR; };
/* End PBXFileReference section */

/* Begin PBXFrameworksBuildPhase section */
		128D1D462497E4F40066E58F /* Frameworks */ = {
			isa = PBXFrameworksBuildPhase;
			buildActionMask = 2147483647;
			files = (
				78EEBDCD1609E0A493B7965B /* Pods_GistApp.framework in Frameworks */,
			);
			runOnlyForDeploymentPostprocessing = 0;
		};
/* End PBXFrameworksBuildPhase section */

/* Begin PBXGroup section */
		12115075249A8E0000B9EFB0 /* Extension */ = {
			isa = PBXGroup;
			children = (
				12115076249A8E3B00B9EFB0 /* OAuth2SwiftExtension.swift */,
				7441797624C07034002D39A0 /* IBExtension.swift */,
			);
			path = Extension;
			sourceTree = "<group>";
		};
		12115082249BB6B100B9EFB0 /* Model */ = {
			isa = PBXGroup;
			children = (
				12115086249BB99F00B9EFB0 /* Gist.swift */,
				7454289024BC78AA0062A0D2 /* DataType.swift */,
				7454289224BC9CA00062A0D2 /* NewGist.swift */,
			);
			path = Model;
			sourceTree = "<group>";
		};
		12115083249BB6BE00B9EFB0 /* View */ = {
			isa = PBXGroup;
			children = (
				128D1D572497E4F60066E58F /* LaunchScreen.storyboard */,
			);
			path = View;
			sourceTree = "<group>";
		};
		12115085249BB79600B9EFB0 /* Services */ = {
			isa = PBXGroup;
			children = (
				7441797A24C1E918002D39A0 /* Network */,
				1219790624A1F686009A2365 /* ImageDownloader.swift */,
				128D1D64249967E50066E58F /* StoredData.swift */,
				1211507C249BB6A700B9EFB0 /* ErrorAlertService.swift */,
				1211507D249BB6A700B9EFB0 /* NetworkServiceError.swift */,
				128D1D622499611B0066E58F /* OAuthService.swift */,
				7454289424BCEF9E0062A0D2 /* DecodeService.swift */,
				7454289624BCF2AA0062A0D2 /* EncodeService.swift */,
			);
			path = Services;
			sourceTree = "<group>";
		};
		1211508A249DF20C00B9EFB0 /* Scene */ = {
			isa = PBXGroup;
			children = (
				1219790F24A227BD009A2365 /* Gist */,
				1211508C249DFF2600B9EFB0 /* Auth */,
				1211508B249DFF1300B9EFB0 /* GitList */,
			);
			path = Scene;
			sourceTree = "<group>";
		};
		1211508B249DFF1300B9EFB0 /* GitList */ = {
			isa = PBXGroup;
			children = (
				1211509524A0EFCC00B9EFB0 /* View */,
				1211508F249E38E500B9EFB0 /* GistList.storyboard */,
				12115078249B8EFA00B9EFB0 /* GistListTVController.swift */,
			);
			path = GitList;
			sourceTree = "<group>";
		};
		1211508C249DFF2600B9EFB0 /* Auth */ = {
			isa = PBXGroup;
			children = (
				1211508E249E1ABD00B9EFB0 /* OAuth.storyboard */,
				128D1D502497E4F40066E58F /* OAuthViewController.swift */,
			);
			path = Auth;
			sourceTree = "<group>";
		};
		1211508D249E06F000B9EFB0 /* Constants */ = {
			isa = PBXGroup;
			children = (
				128D1D60249953E10066E58F /* AppConstants.swift */,
			);
			path = Constants;
			sourceTree = "<group>";
		};
		1211509524A0EFCC00B9EFB0 /* View */ = {
			isa = PBXGroup;
			children = (
				1211507A249BB6A700B9EFB0 /* GistListCell.swift */,
				1211509324A0D95B00B9EFB0 /* CustomCell.xib */,
			);
			path = View;
			sourceTree = "<group>";
		};
		1219790F24A227BD009A2365 /* Gist */ = {
			isa = PBXGroup;
			children = (
				7454288D24BC67F00062A0D2 /* View */,
				1219791024A227DC009A2365 /* Gist.storyboard */,
				1219791224A22843009A2365 /* GistViewController.swift */,
				745428A224BDD5220062A0D2 /* GistV2.storyboard */,
				7454289E24BDD5010062A0D2 /* GistViewControllerV2.swift */,
			);
			path = Gist;
			sourceTree = "<group>";
		};
		128D1D402497E4F40066E58F = {
			isa = PBXGroup;
			children = (
				128D1D4B2497E4F40066E58F /* GistApp */,
				128D1D4A2497E4F40066E58F /* Products */,
				6F5502EC7507EDAB1BB9C9AA /* Pods */,
				EC4A4C67C547DFBC08BBF096 /* Frameworks */,
			);
			sourceTree = "<group>";
		};
		128D1D4A2497E4F40066E58F /* Products */ = {
			isa = PBXGroup;
			children = (
				128D1D492497E4F40066E58F /* GistApp.app */,
			);
			name = Products;
			sourceTree = "<group>";
		};
		128D1D4B2497E4F40066E58F /* GistApp */ = {
			isa = PBXGroup;
			children = (
				128D1D4C2497E4F40066E58F /* AppDelegate.swift */,
				128D1D4E2497E4F40066E58F /* SceneDelegate.swift */,
				1211508A249DF20C00B9EFB0 /* Scene */,
				12115085249BB79600B9EFB0 /* Services */,
				12115083249BB6BE00B9EFB0 /* View */,
				12115082249BB6B100B9EFB0 /* Model */,
				1211508D249E06F000B9EFB0 /* Constants */,
				12115075249A8E0000B9EFB0 /* Extension */,
				128D1D552497E4F60066E58F /* Assets.xcassets */,
				128D1D5A2497E4F60066E58F /* Info.plist */,
			);
			path = GistApp;
			sourceTree = "<group>";
		};
		6F5502EC7507EDAB1BB9C9AA /* Pods */ = {
			isa = PBXGroup;
			children = (
				5D3A01C1D3A2C3E00F0D7D6A /* Pods-GistApp.debug.xcconfig */,
				93B6A5BE2291BFD28B6C4324 /* Pods-GistApp.release.xcconfig */,
			);
			path = Pods;
			sourceTree = "<group>";
		};
		7441797A24C1E918002D39A0 /* Network */ = {
			isa = PBXGroup;
			children = (
				1211507B249BB6A700B9EFB0 /* NetworkService.swift */,
				7409047524B30704008AAA9B /* GistService.swift */,
				7454288E24BC6BB10062A0D2 /* GistFileService.swift */,
				7441797824C1E901002D39A0 /* GistUpdateService.swift */,
			);
			path = Network;
			sourceTree = "<group>";
		};
		7454288D24BC67F00062A0D2 /* View */ = {
			isa = PBXGroup;
			children = (
				7454289A24BD75B50062A0D2 /* FileView.swift */,
				7454289C24BD75D00062A0D2 /* FileView.xib */,
			);
			path = View;
			sourceTree = "<group>";
		};
		EC4A4C67C547DFBC08BBF096 /* Frameworks */ = {
			isa = PBXGroup;
			children = (
				BFF7104C909CD01B055D7529 /* Pods_GistApp.framework */,
			);
			name = Frameworks;
			sourceTree = "<group>";
		};
/* End PBXGroup section */

/* Begin PBXNativeTarget section */
		128D1D482497E4F40066E58F /* GistApp */ = {
			isa = PBXNativeTarget;
			buildConfigurationList = 128D1D5D2497E4F60066E58F /* Build configuration list for PBXNativeTarget "GistApp" */;
			buildPhases = (
				D12DF9E8D4B71BC9F7669728 /* [CP] Check Pods Manifest.lock */,
				128D1D452497E4F40066E58F /* Sources */,
				128D1D462497E4F40066E58F /* Frameworks */,
				128D1D472497E4F40066E58F /* Resources */,
				DBE91B4927EF418BBDDAE837 /* [CP] Embed Pods Frameworks */,
			);
			buildRules = (
			);
			dependencies = (
			);
			name = GistApp;
			productName = GistApp;
			productReference = 128D1D492497E4F40066E58F /* GistApp.app */;
			productType = "com.apple.product-type.application";
		};
/* End PBXNativeTarget section */

/* Begin PBXProject section */
		128D1D412497E4F40066E58F /* Project object */ = {
			isa = PBXProject;
			attributes = {
				LastSwiftUpdateCheck = 1130;
				LastUpgradeCheck = 1130;
				ORGANIZATIONNAME = "Egor Khmara";
				TargetAttributes = {
					128D1D482497E4F40066E58F = {
						CreatedOnToolsVersion = 11.3.1;
					};
				};
			};
			buildConfigurationList = 128D1D442497E4F40066E58F /* Build configuration list for PBXProject "GistApp" */;
			compatibilityVersion = "Xcode 9.3";
			developmentRegion = en;
			hasScannedForEncodings = 0;
			knownRegions = (
				en,
				Base,
			);
			mainGroup = 128D1D402497E4F40066E58F;
			productRefGroup = 128D1D4A2497E4F40066E58F /* Products */;
			projectDirPath = "";
			projectRoot = "";
			targets = (
				128D1D482497E4F40066E58F /* GistApp */,
			);
		};
/* End PBXProject section */

/* Begin PBXResourcesBuildPhase section */
		128D1D472497E4F40066E58F /* Resources */ = {
			isa = PBXResourcesBuildPhase;
			buildActionMask = 2147483647;
			files = (
				7454289D24BD75D00062A0D2 /* FileView.xib in Resources */,
				1211509624A1025E00B9EFB0 /* OAuth.storyboard in Resources */,
				1219791124A227DC009A2365 /* Gist.storyboard in Resources */,
				128D1D592497E4F60066E58F /* LaunchScreen.storyboard in Resources */,
				745428A324BDD5220062A0D2 /* GistV2.storyboard in Resources */,
				12115090249E38E500B9EFB0 /* GistList.storyboard in Resources */,
				1211509424A0D95B00B9EFB0 /* CustomCell.xib in Resources */,
				128D1D562497E4F60066E58F /* Assets.xcassets in Resources */,
			);
			runOnlyForDeploymentPostprocessing = 0;
		};
/* End PBXResourcesBuildPhase section */

/* Begin PBXShellScriptBuildPhase section */
		D12DF9E8D4B71BC9F7669728 /* [CP] Check Pods Manifest.lock */ = {
			isa = PBXShellScriptBuildPhase;
			buildActionMask = 2147483647;
			files = (
			);
			inputFileListPaths = (
			);
			inputPaths = (
				"${PODS_PODFILE_DIR_PATH}/Podfile.lock",
				"${PODS_ROOT}/Manifest.lock",
			);
			name = "[CP] Check Pods Manifest.lock";
			outputFileListPaths = (
			);
			outputPaths = (
				"$(DERIVED_FILE_DIR)/Pods-GistApp-checkManifestLockResult.txt",
			);
			runOnlyForDeploymentPostprocessing = 0;
			shellPath = /bin/sh;
			shellScript = "diff \"${PODS_PODFILE_DIR_PATH}/Podfile.lock\" \"${PODS_ROOT}/Manifest.lock\" > /dev/null\nif [ $? != 0 ] ; then\n    # print error to STDERR\n    echo \"error: The sandbox is not in sync with the Podfile.lock. Run 'pod install' or update your CocoaPods installation.\" >&2\n    exit 1\nfi\n# This output is used by Xcode 'outputs' to avoid re-running this script phase.\necho \"SUCCESS\" > \"${SCRIPT_OUTPUT_FILE_0}\"\n";
			showEnvVarsInLog = 0;
		};
		DBE91B4927EF418BBDDAE837 /* [CP] Embed Pods Frameworks */ = {
			isa = PBXShellScriptBuildPhase;
			buildActionMask = 2147483647;
			files = (
			);
			inputFileListPaths = (
				"${PODS_ROOT}/Target Support Files/Pods-GistApp/Pods-GistApp-frameworks-${CONFIGURATION}-input-files.xcfilelist",
			);
			name = "[CP] Embed Pods Frameworks";
			outputFileListPaths = (
				"${PODS_ROOT}/Target Support Files/Pods-GistApp/Pods-GistApp-frameworks-${CONFIGURATION}-output-files.xcfilelist",
			);
			runOnlyForDeploymentPostprocessing = 0;
			shellPath = /bin/sh;
			shellScript = "\"${PODS_ROOT}/Target Support Files/Pods-GistApp/Pods-GistApp-frameworks.sh\"\n";
			showEnvVarsInLog = 0;
		};
/* End PBXShellScriptBuildPhase section */

/* Begin PBXSourcesBuildPhase section */
		128D1D452497E4F40066E58F /* Sources */ = {
			isa = PBXSourcesBuildPhase;
			buildActionMask = 2147483647;
			files = (
				1211507F249BB6A800B9EFB0 /* NetworkService.swift in Sources */,
				1219791324A22843009A2365 /* GistViewController.swift in Sources */,
				7454288F24BC6BB10062A0D2 /* GistFileService.swift in Sources */,
				1219790824A1F8F0009A2365 /* ImageDownloader.swift in Sources */,
				12115081249BB6A800B9EFB0 /* NetworkServiceError.swift in Sources */,
				7454289B24BD75B50062A0D2 /* FileView.swift in Sources */,
				7409047624B30704008AAA9B /* GistService.swift in Sources */,
				7441797724C07034002D39A0 /* IBExtension.swift in Sources */,
				7454289724BCF2AA0062A0D2 /* EncodeService.swift in Sources */,
				1211507E249BB6A800B9EFB0 /* GistListCell.swift in Sources */,
				7454289124BC78AA0062A0D2 /* DataType.swift in Sources */,
				745428A024BDD5010062A0D2 /* GistViewControllerV2.swift in Sources */,
				7441797924C1E901002D39A0 /* GistUpdateService.swift in Sources */,
				128D1D512497E4F40066E58F /* OAuthViewController.swift in Sources */,
				128D1D4D2497E4F40066E58F /* AppDelegate.swift in Sources */,
				128D1D632499611B0066E58F /* OAuthService.swift in Sources */,
				128D1D4F2497E4F40066E58F /* SceneDelegate.swift in Sources */,
				12115087249BB99F00B9EFB0 /* Gist.swift in Sources */,
				12115080249BB6A800B9EFB0 /* ErrorAlertService.swift in Sources */,
				12115077249A8E3B00B9EFB0 /* OAuth2SwiftExtension.swift in Sources */,
				7454289524BCEF9E0062A0D2 /* DecodeService.swift in Sources */,
				128D1D65249967E50066E58F /* StoredData.swift in Sources */,
				12115079249B8EFA00B9EFB0 /* GistListTVController.swift in Sources */,
				7454289324BC9CA00062A0D2 /* NewGist.swift in Sources */,
				128D1D61249953E10066E58F /* AppConstants.swift in Sources */,
			);
			runOnlyForDeploymentPostprocessing = 0;
		};
/* End PBXSourcesBuildPhase section */

/* Begin PBXVariantGroup section */
		128D1D572497E4F60066E58F /* LaunchScreen.storyboard */ = {
			isa = PBXVariantGroup;
			children = (
				128D1D582497E4F60066E58F /* Base */,
			);
			name = LaunchScreen.storyboard;
			sourceTree = "<group>";
		};
/* End PBXVariantGroup section */

/* Begin XCBuildConfiguration section */
		128D1D5B2497E4F60066E58F /* Debug */ = {
			isa = XCBuildConfiguration;
			buildSettings = {
				ALWAYS_SEARCH_USER_PATHS = NO;
				CLANG_ANALYZER_NONNULL = YES;
				CLANG_ANALYZER_NUMBER_OBJECT_CONVERSION = YES_AGGRESSIVE;
				CLANG_CXX_LANGUAGE_STANDARD = "gnu++14";
				CLANG_CXX_LIBRARY = "libc++";
				CLANG_ENABLE_MODULES = YES;
				CLANG_ENABLE_OBJC_ARC = YES;
				CLANG_ENABLE_OBJC_WEAK = YES;
				CLANG_WARN_BLOCK_CAPTURE_AUTORELEASING = YES;
				CLANG_WARN_BOOL_CONVERSION = YES;
				CLANG_WARN_COMMA = YES;
				CLANG_WARN_CONSTANT_CONVERSION = YES;
				CLANG_WARN_DEPRECATED_OBJC_IMPLEMENTATIONS = YES;
				CLANG_WARN_DIRECT_OBJC_ISA_USAGE = YES_ERROR;
				CLANG_WARN_DOCUMENTATION_COMMENTS = YES;
				CLANG_WARN_EMPTY_BODY = YES;
				CLANG_WARN_ENUM_CONVERSION = YES;
				CLANG_WARN_INFINITE_RECURSION = YES;
				CLANG_WARN_INT_CONVERSION = YES;
				CLANG_WARN_NON_LITERAL_NULL_CONVERSION = YES;
				CLANG_WARN_OBJC_IMPLICIT_RETAIN_SELF = YES;
				CLANG_WARN_OBJC_LITERAL_CONVERSION = YES;
				CLANG_WARN_OBJC_ROOT_CLASS = YES_ERROR;
				CLANG_WARN_RANGE_LOOP_ANALYSIS = YES;
				CLANG_WARN_STRICT_PROTOTYPES = YES;
				CLANG_WARN_SUSPICIOUS_MOVE = YES;
				CLANG_WARN_UNGUARDED_AVAILABILITY = YES_AGGRESSIVE;
				CLANG_WARN_UNREACHABLE_CODE = YES;
				CLANG_WARN__DUPLICATE_METHOD_MATCH = YES;
				COPY_PHASE_STRIP = NO;
				DEBUG_INFORMATION_FORMAT = dwarf;
				ENABLE_STRICT_OBJC_MSGSEND = YES;
				ENABLE_TESTABILITY = YES;
				GCC_C_LANGUAGE_STANDARD = gnu11;
				GCC_DYNAMIC_NO_PIC = NO;
				GCC_NO_COMMON_BLOCKS = YES;
				GCC_OPTIMIZATION_LEVEL = 0;
				GCC_PREPROCESSOR_DEFINITIONS = (
					"DEBUG=1",
					"$(inherited)",
				);
				GCC_WARN_64_TO_32_BIT_CONVERSION = YES;
				GCC_WARN_ABOUT_RETURN_TYPE = YES_ERROR;
				GCC_WARN_UNDECLARED_SELECTOR = YES;
				GCC_WARN_UNINITIALIZED_AUTOS = YES_AGGRESSIVE;
				GCC_WARN_UNUSED_FUNCTION = YES;
				GCC_WARN_UNUSED_VARIABLE = YES;
				IPHONEOS_DEPLOYMENT_TARGET = 13.2;
				MTL_ENABLE_DEBUG_INFO = INCLUDE_SOURCE;
				MTL_FAST_MATH = YES;
				ONLY_ACTIVE_ARCH = YES;
				SDKROOT = iphoneos;
				SWIFT_ACTIVE_COMPILATION_CONDITIONS = DEBUG;
				SWIFT_OPTIMIZATION_LEVEL = "-Onone";
			};
			name = Debug;
		};
		128D1D5C2497E4F60066E58F /* Release */ = {
			isa = XCBuildConfiguration;
			buildSettings = {
				ALWAYS_SEARCH_USER_PATHS = NO;
				CLANG_ANALYZER_NONNULL = YES;
				CLANG_ANALYZER_NUMBER_OBJECT_CONVERSION = YES_AGGRESSIVE;
				CLANG_CXX_LANGUAGE_STANDARD = "gnu++14";
				CLANG_CXX_LIBRARY = "libc++";
				CLANG_ENABLE_MODULES = YES;
				CLANG_ENABLE_OBJC_ARC = YES;
				CLANG_ENABLE_OBJC_WEAK = YES;
				CLANG_WARN_BLOCK_CAPTURE_AUTORELEASING = YES;
				CLANG_WARN_BOOL_CONVERSION = YES;
				CLANG_WARN_COMMA = YES;
				CLANG_WARN_CONSTANT_CONVERSION = YES;
				CLANG_WARN_DEPRECATED_OBJC_IMPLEMENTATIONS = YES;
				CLANG_WARN_DIRECT_OBJC_ISA_USAGE = YES_ERROR;
				CLANG_WARN_DOCUMENTATION_COMMENTS = YES;
				CLANG_WARN_EMPTY_BODY = YES;
				CLANG_WARN_ENUM_CONVERSION = YES;
				CLANG_WARN_INFINITE_RECURSION = YES;
				CLANG_WARN_INT_CONVERSION = YES;
				CLANG_WARN_NON_LITERAL_NULL_CONVERSION = YES;
				CLANG_WARN_OBJC_IMPLICIT_RETAIN_SELF = YES;
				CLANG_WARN_OBJC_LITERAL_CONVERSION = YES;
				CLANG_WARN_OBJC_ROOT_CLASS = YES_ERROR;
				CLANG_WARN_RANGE_LOOP_ANALYSIS = YES;
				CLANG_WARN_STRICT_PROTOTYPES = YES;
				CLANG_WARN_SUSPICIOUS_MOVE = YES;
				CLANG_WARN_UNGUARDED_AVAILABILITY = YES_AGGRESSIVE;
				CLANG_WARN_UNREACHABLE_CODE = YES;
				CLANG_WARN__DUPLICATE_METHOD_MATCH = YES;
				COPY_PHASE_STRIP = NO;
				DEBUG_INFORMATION_FORMAT = "dwarf-with-dsym";
				ENABLE_NS_ASSERTIONS = NO;
				ENABLE_STRICT_OBJC_MSGSEND = YES;
				GCC_C_LANGUAGE_STANDARD = gnu11;
				GCC_NO_COMMON_BLOCKS = YES;
				GCC_WARN_64_TO_32_BIT_CONVERSION = YES;
				GCC_WARN_ABOUT_RETURN_TYPE = YES_ERROR;
				GCC_WARN_UNDECLARED_SELECTOR = YES;
				GCC_WARN_UNINITIALIZED_AUTOS = YES_AGGRESSIVE;
				GCC_WARN_UNUSED_FUNCTION = YES;
				GCC_WARN_UNUSED_VARIABLE = YES;
				IPHONEOS_DEPLOYMENT_TARGET = 13.2;
				MTL_ENABLE_DEBUG_INFO = NO;
				MTL_FAST_MATH = YES;
				SDKROOT = iphoneos;
				SWIFT_COMPILATION_MODE = wholemodule;
				SWIFT_OPTIMIZATION_LEVEL = "-O";
				VALIDATE_PRODUCT = YES;
			};
			name = Release;
		};
		128D1D5E2497E4F60066E58F /* Debug */ = {
			isa = XCBuildConfiguration;
			baseConfigurationReference = 5D3A01C1D3A2C3E00F0D7D6A /* Pods-GistApp.debug.xcconfig */;
			buildSettings = {
				ASSETCATALOG_COMPILER_APPICON_NAME = AppIcon;
				CODE_SIGN_STYLE = Automatic;
				DEVELOPMENT_TEAM = NX67BD27T2;
				INFOPLIST_FILE = GistApp/Info.plist;
				LD_RUNPATH_SEARCH_PATHS = (
					"$(inherited)",
					"@executable_path/Frameworks",
				);
				PRODUCT_BUNDLE_IDENTIFIER = hmaraegor.GistApp;
				PRODUCT_NAME = "$(TARGET_NAME)";
				SWIFT_VERSION = 5.0;
				TARGETED_DEVICE_FAMILY = "1,2";
			};
			name = Debug;
		};
		128D1D5F2497E4F60066E58F /* Release */ = {
			isa = XCBuildConfiguration;
			baseConfigurationReference = 93B6A5BE2291BFD28B6C4324 /* Pods-GistApp.release.xcconfig */;
			buildSettings = {
				ASSETCATALOG_COMPILER_APPICON_NAME = AppIcon;
				CODE_SIGN_STYLE = Automatic;
				DEVELOPMENT_TEAM = NX67BD27T2;
				INFOPLIST_FILE = GistApp/Info.plist;
				LD_RUNPATH_SEARCH_PATHS = (
					"$(inherited)",
					"@executable_path/Frameworks",
				);
				PRODUCT_BUNDLE_IDENTIFIER = hmaraegor.GistApp;
				PRODUCT_NAME = "$(TARGET_NAME)";
				SWIFT_VERSION = 5.0;
				TARGETED_DEVICE_FAMILY = "1,2";
			};
			name = Release;
		};
/* End XCBuildConfiguration section */

/* Begin XCConfigurationList section */
		128D1D442497E4F40066E58F /* Build configuration list for PBXProject "GistApp" */ = {
			isa = XCConfigurationList;
			buildConfigurations = (
				128D1D5B2497E4F60066E58F /* Debug */,
				128D1D5C2497E4F60066E58F /* Release */,
			);
			defaultConfigurationIsVisible = 0;
			defaultConfigurationName = Release;
		};
		128D1D5D2497E4F60066E58F /* Build configuration list for PBXNativeTarget "GistApp" */ = {
			isa = XCConfigurationList;
			buildConfigurations = (
				128D1D5E2497E4F60066E58F /* Debug */,
				128D1D5F2497E4F60066E58F /* Release */,
			);
			defaultConfigurationIsVisible = 0;
			defaultConfigurationName = Release;
		};
/* End XCConfigurationList section */
	};
	rootObject = 128D1D412497E4F40066E58F /* Project object */;
}
